
Microsoft Visual Studio Solution File, Format Version 12.00
# Visual Studio Version 16
VisualStudioVersion = 16.0.31205.134
MinimumVisualStudioVersion = 10.0.40219.1
Project("{FAE04EC0-301F-11D3-BF4B-00C04F79EFBC}") = "CalculadoraDeCambio", "CalculadoraDeCambio\CalculadoraDeCambio.csproj", "{3537ED57-DD68-4B4B-8C6B-41BF2005349C}"
EndProject
Global
	GlobalSection(SolutionConfigurationPlatforms) = preSolution
		Debug|Any CPU = Debug|Any CPU
		Release|Any CPU = Release|Any CPU
	EndGlobalSection
	GlobalSection(ProjectConfigurationPlatforms) = postSolution
		{3537ED57-DD68-4B4B-8C6B-41BF2005349C}.Debug|Any CPU.ActiveCfg = Debug|Any CPU
		{3537ED57-DD68-4B4B-8C6B-41BF2005349C}.Debug|Any CPU.Build.0 = Debug|Any CPU
		{3537ED57-DD68-4B4B-8C6B-41BF2005349C}.Release|Any CPU.ActiveCfg = Release|Any CPU
		{3537ED57-DD68-4B4B-8C6B-41BF2005349C}.Release|Any CPU.Build.0 = Release|Any CPU
	EndGlobalSection
	GlobalSection(SolutionProperties) = preSolution
		HideSolutionNode = FALSE
	EndGlobalSection
	GlobalSection(ExtensibilityGlobals) = postSolution
		SolutionGuid = {8B10769D-9B2B-4F7E-BF97-CA02884329C7}
	EndGlobalSection
EndGlobal
