
Microsoft Visual Studio Solution File, Format Version 12.00
# Visual Studio Version 16
VisualStudioVersion = 16.0.31205.134
MinimumVisualStudioVersion = 10.0.40219.1
Project("{FAE04EC0-301F-11D3-BF4B-00C04F79EFBC}") = "ConsoleApp", "ConsoleApp\ConsoleApp.csproj", "{FBC616E6-1561-437F-B7A9-9D8D0FD8F74A}"
EndProject
Global
	GlobalSection(SolutionConfigurationPlatforms) = preSolution
		Debug|Any CPU = Debug|Any CPU
		Release|Any CPU = Release|Any CPU
	EndGlobalSection
	GlobalSection(ProjectConfigurationPlatforms) = postSolution
		{FBC616E6-1561-437F-B7A9-9D8D0FD8F74A}.Debug|Any CPU.ActiveCfg = Debug|Any CPU
		{FBC616E6-1561-437F-B7A9-9D8D0FD8F74A}.Debug|Any CPU.Build.0 = Debug|Any CPU
		{FBC616E6-1561-437F-B7A9-9D8D0FD8F74A}.Release|Any CPU.ActiveCfg = Release|Any CPU
		{FBC616E6-1561-437F-B7A9-9D8D0FD8F74A}.Release|Any CPU.Build.0 = Release|Any CPU
	EndGlobalSection
	GlobalSection(SolutionProperties) = preSolution
		HideSolutionNode = FALSE
	EndGlobalSection
	GlobalSection(ExtensibilityGlobals) = postSolution
		SolutionGuid = {B058D93F-AD25-4208-A786-49C024C234FB}
	EndGlobalSection
EndGlobal
